<?xml version="1.0" encoding="utf-8"?>
<Project ToolsVersion="4.0" xmlns="http://schemas.microsoft.com/developer/msbuild/2003">
  <ItemGroup>
    <Filter Include="源文件">
      <UniqueIdentifier>{4FC737F1-C7A5-4376-A066-2A32D752A2FF}</UniqueIdentifier>
      <Extensions>cpp;c;cc;cxx;def;odl;idl;hpj;bat;asm;asmx</Extensions>
    </Filter>
    <Filter Include="头文件">
      <UniqueIdentifier>{93995380-89BD-4b04-88EB-625FBE52EBFB}</UniqueIdentifier>
      <Extensions>h;hpp;hxx;hm;inl;inc;xsd</Extensions>
    </Filter>
    <Filter Include="资源文件">
      <UniqueIdentifier>{67DA6AB6-F800-4c08-8B7A-83BB121AAD01}</UniqueIdentifier>
      <Extensions>rc;ico;cur;bmp;dlg;rc2;rct;bin;rgs;gif;jpg;jpeg;jpe;resx;tiff;tif;png;wav;mfcribbon-ms</Extensions>
    </Filter>
    <Filter Include="shared">
      <UniqueIdentifier>{1f75d626-0a89-4882-ad4f-ff79e1039132}</UniqueIdentifier>
    </Filter>
    <Filter Include="shared\utility">
      <UniqueIdentifier>{d849fb56-834d-44fa-bc8e-0d1ecbbaf48e}</UniqueIdentifier>
    </Filter>
    <Filter Include="shared\rpcz">
      <UniqueIdentifier>{d050618f-f029-4687-a696-fd771a0937f4}</UniqueIdentifier>
    </Filter>
    <Filter Include="shared\threading">
      <UniqueIdentifier>{031230da-a997-43d3-b312-4d34a10ea597}</UniqueIdentifier>
    </Filter>
    <Filter Include="shared\tinyxml">
      <UniqueIdentifier>{dc9d4b67-ef5c-48a0-9849-9cdcd66cbf9d}</UniqueIdentifier>
    </Filter>
    <Filter Include="shared\stacktrace">
      <UniqueIdentifier>{c2ce2237-a602-4408-a11d-a19b1fb2f28e}</UniqueIdentifier>
    </Filter>
    <Filter Include="shared\module">
      <UniqueIdentifier>{494c797e-dcf1-4f7b-b529-e59908095473}</UniqueIdentifier>
    </Filter>
    <Filter Include="shared\network">
      <UniqueIdentifier>{88c27a07-0835-4c45-892f-c1f9e94485e6}</UniqueIdentifier>
    </Filter>
    <Filter Include="shared\timerevent">
      <UniqueIdentifier>{cc27afa0-a758-41cf-aa31-2d3c717f0bd3}</UniqueIdentifier>
    </Filter>
    <Filter Include="shared\json">
      <UniqueIdentifier>{af78fa06-7ce3-448d-9425-e67694ee5dcf}</UniqueIdentifier>
    </Filter>
    <Filter Include="framework">
      <UniqueIdentifier>{cd73180a-c14b-462c-ba82-a337ee12b539}</UniqueIdentifier>
    </Filter>
    <Filter Include="template">
      <UniqueIdentifier>{f51e95d9-8243-4d7e-9b87-8e38971c4702}</UniqueIdentifier>
    </Filter>
    <Filter Include="protocol">
      <UniqueIdentifier>{195a3dee-290a-4f0f-a4cd-825077d17bfd}</UniqueIdentifier>
    </Filter>
    <Filter Include="memcache">
      <UniqueIdentifier>{fac4d76b-6b8d-4027-862f-022e5c10f480}</UniqueIdentifier>
    </Filter>
  </ItemGroup>
  <ItemGroup>
    <ClCompile Include="..\..\shared\deps\tinyxml\tinystr.cpp">
      <Filter>shared\tinyxml</Filter>
    </ClCompile>
    <ClCompile Include="..\..\shared\deps\tinyxml\tinyxml.cpp">
      <Filter>shared\tinyxml</Filter>
    </ClCompile>
    <ClCompile Include="..\..\shared\deps\tinyxml\tinyxmlerror.cpp">
      <Filter>shared\tinyxml</Filter>
    </ClCompile>
    <ClCompile Include="..\..\shared\deps\tinyxml\tinyxmlparser.cpp">
      <Filter>shared\tinyxml</Filter>
    </ClCompile>
    <ClCompile Include="..\..\shared\deps\json\json_reader.cpp">
      <Filter>shared\json</Filter>
    </ClCompile>
    <ClCompile Include="..\..\shared\deps\json\json_value.cpp">
      <Filter>shared\json</Filter>
    </ClCompile>
    <ClCompile Include="..\..\shared\deps\json\json_writer.cpp">
      <Filter>shared\json</Filter>
    </ClCompile>
    <ClCompile Include="..\src\framework\cache.pb.cc">
      <Filter>framework</Filter>
    </ClCompile>
    <ClCompile Include="..\src\framework\cache.rpcz.cc">
      <Filter>framework</Filter>
    </ClCompile>
    <ClCompile Include="..\src\framework\CacheModule.cpp">
      <Filter>framework</Filter>
    </ClCompile>
    <ClCompile Include="..\src\framework\controlcentre.pb.cc">
      <Filter>framework</Filter>
    </ClCompile>
    <ClCompile Include="..\src\framework\controlcentre.rpcz.cc">
      <Filter>framework</Filter>
    </ClCompile>
    <ClCompile Include="..\src\framework\ControlCentreServiceImp.cpp">
      <Filter>framework</Filter>
    </ClCompile>
    <ClCompile Include="..\src\framework\msg_client_login.pb.cc">
      <Filter>framework</Filter>
    </ClCompile>
    <ClCompile Include="..\src\framework\ProtoRpczServiceImpl.cpp">
      <Filter>framework</Filter>
    </ClCompile>
    <ClCompile Include="..\src\framework\worker.pb.cc">
      <Filter>framework</Filter>
    </ClCompile>
    <ClCompile Include="..\src\framework\worker.rpcz.cc">
      <Filter>framework</Filter>
    </ClCompile>
    <ClCompile Include="..\src\framework\WorkerModule.cpp">
      <Filter>framework</Filter>
    </ClCompile>
    <ClCompile Include="..\src\framework\WorkerServiceImp.cpp">
      <Filter>framework</Filter>
    </ClCompile>
    <ClCompile Include="..\..\shared\deps\rpcz\application.cc">
      <Filter>shared\rpcz</Filter>
    </ClCompile>
    <ClCompile Include="..\..\shared\deps\rpcz\application_options.cc">
      <Filter>shared\rpcz</Filter>
    </ClCompile>
    <ClCompile Include="..\..\shared\deps\rpcz\broker_thread.cc">
      <Filter>shared\rpcz</Filter>
    </ClCompile>
    <ClCompile Include="..\..\shared\deps\rpcz\client_connection.cc">
      <Filter>shared\rpcz</Filter>
    </ClCompile>
    <ClCompile Include="..\..\shared\deps\rpcz\clock.cc">
      <Filter>shared\rpcz</Filter>
    </ClCompile>
    <ClCompile Include="..\..\shared\deps\rpcz\connection.cc">
      <Filter>shared\rpcz</Filter>
    </ClCompile>
    <ClCompile Include="..\..\shared\deps\rpcz\connection_manager.cc">
      <Filter>shared\rpcz</Filter>
    </ClCompile>
    <ClCompile Include="..\..\shared\deps\rpcz\event_id_generator.cc">
      <Filter>shared\rpcz</Filter>
    </ClCompile>
    <ClCompile Include="..\..\shared\deps\rpcz\reactor.cc">
      <Filter>shared\rpcz</Filter>
    </ClCompile>
    <ClCompile Include="..\..\shared\deps\rpcz\rpc_channel.cc">
      <Filter>shared\rpcz</Filter>
    </ClCompile>
    <ClCompile Include="..\..\shared\deps\rpcz\rpc_channel_impl.cc">
      <Filter>shared\rpcz</Filter>
    </ClCompile>
    <ClCompile Include="..\..\shared\deps\rpcz\rpc_controller.cc">
      <Filter>shared\rpcz</Filter>
    </ClCompile>
    <ClCompile Include="..\..\shared\deps\rpcz\rpcz.pb.cc">
      <Filter>shared\rpcz</Filter>
    </ClCompile>
    <ClCompile Include="..\..\shared\deps\rpcz\server.cc">
      <Filter>shared\rpcz</Filter>
    </ClCompile>
    <ClCompile Include="..\..\shared\deps\rpcz\server_impl.cc">
      <Filter>shared\rpcz</Filter>
    </ClCompile>
    <ClCompile Include="..\..\shared\deps\rpcz\sync_event.cc">
      <Filter>shared\rpcz</Filter>
    </ClCompile>
    <ClCompile Include="..\..\shared\deps\rpcz\zmq_utils.cc">
      <Filter>shared\rpcz</Filter>
    </ClCompile>
    <ClCompile Include="..\src\framework\CacheRecord.cpp">
      <Filter>framework</Filter>
    </ClCompile>
    <ClCompile Include="..\src\framework\CacheRecordManager.cpp">
      <Filter>framework</Filter>
    </ClCompile>
    <ClCompile Include="..\src\framework\TemplateBase.cpp">
      <Filter>framework</Filter>
    </ClCompile>
    <ClCompile Include="..\src\framework\main.cpp">
      <Filter>framework</Filter>
    </ClCompile>
    <ClCompile Include="..\src\RankModule.cpp">
      <Filter>源文件</Filter>
    </ClCompile>
    <ClCompile Include="..\src\FillPacketHelper.cpp">
      <Filter>源文件</Filter>
    </ClCompile>
    <ClCompile Include="..\src\framework\RankServer.cpp">
      <Filter>framework</Filter>
    </ClCompile>
    <ClCompile Include="..\src\framework\NodeDefines.cpp">
      <Filter>framework</Filter>
    </ClCompile>
    <ClCompile Include="..\src\framework\ControlCentreModule.cpp">
      <Filter>framework</Filter>
    </ClCompile>
    <ClCompile Include="..\src\framework\data_packet.pb.cc">
      <Filter>framework</Filter>
    </ClCompile>
    <ClCompile Include="..\src\framework\interest_packet.pb.cc">
      <Filter>framework</Filter>
    </ClCompile>
    <ClCompile Include="..\src\framework\void_packet.pb.cc">
      <Filter>framework</Filter>
    </ClCompile>
    <ClCompile Include="..\src\template\ConfigTemplate.cpp">
      <Filter>template</Filter>
    </ClCompile>
    <ClCompile Include="..\src\protocol\msg_rank_request.pb.cc">
      <Filter>protocol</Filter>
    </ClCompile>
    <ClCompile Include="..\src\protocol\msg_rank_update.pb.cc">
      <Filter>protocol</Filter>
    </ClCompile>
    <ClCompile Include="..\src\protocol\msg_rank_item.pb.cc">
      <Filter>protocol</Filter>
    </ClCompile>
    <ClCompile Include="..\src\memcache\RankData.cpp">
      <Filter>memcache</Filter>
    </ClCompile>
    <ClCompile Include="..\src\framework\RankServerRegister.cpp">
      <Filter>framework</Filter>
    </ClCompile>
  </ItemGroup>
  <ItemGroup>
    <ClInclude Include="..\..\shared\deps\tinyxml\tinystr.h">
      <Filter>shared\tinyxml</Filter>
    </ClInclude>
    <ClInclude Include="..\..\shared\deps\tinyxml\tinyxml.h">
      <Filter>shared\tinyxml</Filter>
    </ClInclude>
    <ClInclude Include="..\..\shared\deps\stacktrace\Array.h">
      <Filter>shared\stacktrace</Filter>
    </ClInclude>
    <ClInclude Include="..\..\shared\deps\stacktrace\MapFile.h">
      <Filter>shared\stacktrace</Filter>
    </ClInclude>
    <ClInclude Include="..\..\shared\deps\stacktrace\MapFileEntry.h">
      <Filter>shared\stacktrace</Filter>
    </ClInclude>
    <ClInclude Include="..\..\shared\deps\stacktrace\StackTrace.h">
      <Filter>shared\stacktrace</Filter>
    </ClInclude>
    <ClInclude Include="..\..\shared\deps\stacktrace\TextFile.h">
      <Filter>shared\stacktrace</Filter>
    </ClInclude>
    <ClInclude Include="..\..\shared\deps\json\autolink.h">
      <Filter>shared\json</Filter>
    </ClInclude>
    <ClInclude Include="..\..\shared\deps\json\config.h">
      <Filter>shared\json</Filter>
    </ClInclude>
    <ClInclude Include="..\..\shared\deps\json\features.h">
      <Filter>shared\json</Filter>
    </ClInclude>
    <ClInclude Include="..\..\shared\deps\json\forwards.h">
      <Filter>shared\json</Filter>
    </ClInclude>
    <ClInclude Include="..\..\shared\deps\json\json.h">
      <Filter>shared\json</Filter>
    </ClInclude>
    <ClInclude Include="..\..\shared\deps\json\json_batchallocator.h">
      <Filter>shared\json</Filter>
    </ClInclude>
    <ClInclude Include="..\..\shared\deps\json\reader.h">
      <Filter>shared\json</Filter>
    </ClInclude>
    <ClInclude Include="..\..\shared\deps\json\value.h">
      <Filter>shared\json</Filter>
    </ClInclude>
    <ClInclude Include="..\..\shared\deps\json\writer.h">
      <Filter>shared\json</Filter>
    </ClInclude>
    <ClInclude Include="..\src\framework\AppConfig.h">
      <Filter>framework</Filter>
    </ClInclude>
    <ClInclude Include="..\src\framework\BodyBitStream.h">
      <Filter>framework</Filter>
    </ClInclude>
    <ClInclude Include="..\src\framework\BodyMessage.h">
      <Filter>framework</Filter>
    </ClInclude>
    <ClInclude Include="..\src\framework\cache.pb.h">
      <Filter>framework</Filter>
    </ClInclude>
    <ClInclude Include="..\src\framework\cache.rpcz.h">
      <Filter>framework</Filter>
    </ClInclude>
    <ClInclude Include="..\src\framework\CacheModule.h">
      <Filter>framework</Filter>
    </ClInclude>
    <ClInclude Include="..\src\framework\CacheOperateHelper.h">
      <Filter>framework</Filter>
    </ClInclude>
    <ClInclude Include="..\src\framework\ChannelManager.h">
      <Filter>framework</Filter>
    </ClInclude>
    <ClInclude Include="..\src\framework\controlcentre.pb.h">
      <Filter>framework</Filter>
    </ClInclude>
    <ClInclude Include="..\src\framework\controlcentre.rpcz.h">
      <Filter>framework</Filter>
    </ClInclude>
    <ClInclude Include="..\src\framework\ControlCentreServiceImp.h">
      <Filter>framework</Filter>
    </ClInclude>
    <ClInclude Include="..\src\framework\ControlCentreStubImp.h">
      <Filter>framework</Filter>
    </ClInclude>
    <ClInclude Include="..\src\framework\ControlCentreStubImpEx.h">
      <Filter>framework</Filter>
    </ClInclude>
    <ClInclude Include="..\src\framework\IChannelControl.h">
      <Filter>framework</Filter>
    </ClInclude>
    <ClInclude Include="..\src\framework\msg_client_login.pb.h">
      <Filter>framework</Filter>
    </ClInclude>
    <ClInclude Include="..\src\framework\ProtoRpczServiceImpl.h">
      <Filter>framework</Filter>
    </ClInclude>
    <ClInclude Include="..\src\framework\worker.pb.h">
      <Filter>framework</Filter>
    </ClInclude>
    <ClInclude Include="..\src\framework\worker.rpcz.h">
      <Filter>framework</Filter>
    </ClInclude>
    <ClInclude Include="..\src\framework\WorkerModule.h">
      <Filter>framework</Filter>
    </ClInclude>
    <ClInclude Include="..\src\framework\WorkerOperateHelper.h">
      <Filter>framework</Filter>
    </ClInclude>
    <ClInclude Include="..\src\framework\WorkerServiceImp.h">
      <Filter>framework</Filter>
    </ClInclude>
    <ClInclude Include="..\..\shared\deps\rpcz\application.hpp">
      <Filter>shared\rpcz</Filter>
    </ClInclude>
    <ClInclude Include="..\..\shared\deps\rpcz\application_options.hpp">
      <Filter>shared\rpcz</Filter>
    </ClInclude>
    <ClInclude Include="..\..\shared\deps\rpcz\broker_thread.hpp">
      <Filter>shared\rpcz</Filter>
    </ClInclude>
    <ClInclude Include="..\..\shared\deps\rpcz\callback.hpp">
      <Filter>shared\rpcz</Filter>
    </ClInclude>
    <ClInclude Include="..\..\shared\deps\rpcz\client_connection.hpp">
      <Filter>shared\rpcz</Filter>
    </ClInclude>
    <ClInclude Include="..\..\shared\deps\rpcz\client_request_callback.hpp">
      <Filter>shared\rpcz</Filter>
    </ClInclude>
    <ClInclude Include="..\..\shared\deps\rpcz\clock.hpp">
      <Filter>shared\rpcz</Filter>
    </ClInclude>
    <ClInclude Include="..\..\shared\deps\rpcz\common.hpp">
      <Filter>shared\rpcz</Filter>
    </ClInclude>
    <ClInclude Include="..\..\shared\deps\rpcz\connection.hpp">
      <Filter>shared\rpcz</Filter>
    </ClInclude>
    <ClInclude Include="..\..\shared\deps\rpcz\connection_manager.hpp">
      <Filter>shared\rpcz</Filter>
    </ClInclude>
    <ClInclude Include="..\..\shared\deps\rpcz\connection_manager_ptr.hpp">
      <Filter>shared\rpcz</Filter>
    </ClInclude>
    <ClInclude Include="..\..\shared\deps\rpcz\connection_manager_status.hpp">
      <Filter>shared\rpcz</Filter>
    </ClInclude>
    <ClInclude Include="..\..\shared\deps\rpcz\event_id_generator.hpp">
      <Filter>shared\rpcz</Filter>
    </ClInclude>
    <ClInclude Include="..\..\shared\deps\rpcz\internal_commands.hpp">
      <Filter>shared\rpcz</Filter>
    </ClInclude>
    <ClInclude Include="..\..\shared\deps\rpcz\logging.hpp">
      <Filter>shared\rpcz</Filter>
    </ClInclude>
    <ClInclude Include="..\..\shared\deps\rpcz\reactor.hpp">
      <Filter>shared\rpcz</Filter>
    </ClInclude>
    <ClInclude Include="..\..\shared\deps\rpcz\remote_response_wrapper.hpp">
      <Filter>shared\rpcz</Filter>
    </ClInclude>
    <ClInclude Include="..\..\shared\deps\rpcz\rpc_channel.hpp">
      <Filter>shared\rpcz</Filter>
    </ClInclude>
    <ClInclude Include="..\..\shared\deps\rpcz\rpc_channel_impl.hpp">
      <Filter>shared\rpcz</Filter>
    </ClInclude>
    <ClInclude Include="..\..\shared\deps\rpcz\rpc_controller.hpp">
      <Filter>shared\rpcz</Filter>
    </ClInclude>
    <ClInclude Include="..\..\shared\deps\rpcz\rpc_service.hpp">
      <Filter>shared\rpcz</Filter>
    </ClInclude>
    <ClInclude Include="..\..\shared\deps\rpcz\rpcz.hpp">
      <Filter>shared\rpcz</Filter>
    </ClInclude>
    <ClInclude Include="..\..\shared\deps\rpcz\rpcz.pb.h">
      <Filter>shared\rpcz</Filter>
    </ClInclude>
    <ClInclude Include="..\..\shared\deps\rpcz\server.hpp">
      <Filter>shared\rpcz</Filter>
    </ClInclude>
    <ClInclude Include="..\..\shared\deps\rpcz\server_function.hpp">
      <Filter>shared\rpcz</Filter>
    </ClInclude>
    <ClInclude Include="..\..\shared\deps\rpcz\server_impl.hpp">
      <Filter>shared\rpcz</Filter>
    </ClInclude>
    <ClInclude Include="..\..\shared\deps\rpcz\service.hpp">
      <Filter>shared\rpcz</Filter>
    </ClInclude>
    <ClInclude Include="..\..\shared\deps\rpcz\sync_event.hpp">
      <Filter>shared\rpcz</Filter>
    </ClInclude>
    <ClInclude Include="..\..\shared\deps\rpcz\zmq_utils.hpp">
      <Filter>shared\rpcz</Filter>
    </ClInclude>
    <ClInclude Include="..\src\framework\NodeDefines.h">
      <Filter>framework</Filter>
    </ClInclude>
    <ClInclude Include="..\src\framework\PlayerBase.h">
      <Filter>framework</Filter>
    </ClInclude>
    <ClInclude Include="..\src\framework\ICacheValue.h">
      <Filter>framework</Filter>
    </ClInclude>
    <ClInclude Include="..\src\framework\PlayerCallBack.h">
      <Filter>framework</Filter>
    </ClInclude>
    <ClInclude Include="..\src\framework\ICacheRecord.h">
      <Filter>framework</Filter>
    </ClInclude>
    <ClInclude Include="..\src\framework\CacheRecord.h">
      <Filter>framework</Filter>
    </ClInclude>
    <ClInclude Include="..\src\framework\CacheRecordManager.h">
      <Filter>framework</Filter>
    </ClInclude>
    <ClInclude Include="..\src\framework\TemplateBase.h">
      <Filter>framework</Filter>
    </ClInclude>
    <ClInclude Include="..\..\shared\deps\json\json_tool.h">
      <Filter>shared\json</Filter>
    </ClInclude>
    <ClInclude Include="..\..\shared\deps\json\version.h">
      <Filter>shared\json</Filter>
    </ClInclude>
    <ClInclude Include="..\..\shared\deps\json\assertions.h">
      <Filter>shared\json</Filter>
    </ClInclude>
    <ClInclude Include="..\..\shared\include\module\ModuleManager.h">
      <Filter>shared\module</Filter>
    </ClInclude>
    <ClInclude Include="..\..\shared\include\module\INotificationBody.h">
      <Filter>shared\module</Filter>
    </ClInclude>
    <ClInclude Include="..\..\shared\include\module\ModuleEnv.h">
      <Filter>shared\module</Filter>
    </ClInclude>
    <ClInclude Include="..\..\shared\include\network\BitStream.h">
      <Filter>shared\network</Filter>
    </ClInclude>
    <ClInclude Include="..\..\shared\include\timerevent\CommandManager.h">
      <Filter>shared\timerevent</Filter>
    </ClInclude>
    <ClInclude Include="..\..\shared\include\timerevent\SimpleEvent.h">
      <Filter>shared\timerevent</Filter>
    </ClInclude>
    <ClInclude Include="..\..\shared\include\timerevent\TimerEvent.h">
      <Filter>shared\timerevent</Filter>
    </ClInclude>
    <ClInclude Include="..\..\shared\include\timerevent\TimerManager.h">
      <Filter>shared\timerevent</Filter>
    </ClInclude>
    <ClInclude Include="..\..\shared\include\timerevent\TimestampManager.h">
      <Filter>shared\timerevent</Filter>
    </ClInclude>
    <ClInclude Include="..\..\shared\include\timerevent\AgentMethod.h">
      <Filter>shared\timerevent</Filter>
    </ClInclude>
    <ClInclude Include="..\..\shared\include\Common.h">
      <Filter>shared</Filter>
    </ClInclude>
    <ClInclude Include="..\..\shared\include\ShareConfig.h">
      <Filter>shared</Filter>
    </ClInclude>
    <ClInclude Include="..\..\shared\include\ShareDefines.h">
      <Filter>shared</Filter>
    </ClInclude>
    <ClInclude Include="..\..\shared\include\ShareErrors.h">
      <Filter>shared</Filter>
    </ClInclude>
    <ClInclude Include="..\src\RankModule.h">
      <Filter>头文件</Filter>
    </ClInclude>
    <ClInclude Include="..\src\FillPacketHelper.h">
      <Filter>头文件</Filter>
    </ClInclude>
    <ClInclude Include="..\src\framework\IncludeTemplate.h">
      <Filter>framework</Filter>
    </ClInclude>
    <ClInclude Include="..\src\framework\RankServer.h">
      <Filter>framework</Filter>
    </ClInclude>
    <ClInclude Include="..\src\framework\CacheChannel.h">
      <Filter>framework</Filter>
    </ClInclude>
    <ClInclude Include="..\src\framework\IChannelValue.h">
      <Filter>framework</Filter>
    </ClInclude>
    <ClInclude Include="..\src\framework\WorkerChannel.h">
      <Filter>framework</Filter>
    </ClInclude>
    <ClInclude Include="..\..\shared\include\utility\GuidFactory.h">
      <Filter>shared\utility</Filter>
    </ClInclude>
    <ClInclude Include="..\..\shared\include\utility\ITComparer.h">
      <Filter>shared\utility</Filter>
    </ClInclude>
    <ClInclude Include="..\..\shared\include\utility\ITPriorityQueue.h">
      <Filter>shared\utility</Filter>
    </ClInclude>
    <ClInclude Include="..\..\shared\include\utility\Log.h">
      <Filter>shared\utility</Filter>
    </ClInclude>
    <ClInclude Include="..\..\shared\include\utility\Md5.h">
      <Filter>shared\utility</Filter>
    </ClInclude>
    <ClInclude Include="..\..\shared\include\utility\PoolBase.h">
      <Filter>shared\utility</Filter>
    </ClInclude>
    <ClInclude Include="..\..\shared\include\utility\printStackTrace.h">
      <Filter>shared\utility</Filter>
    </ClInclude>
    <ClInclude Include="..\..\shared\include\utility\ProcessStatus.h">
      <Filter>shared\utility</Filter>
    </ClInclude>
    <ClInclude Include="..\..\shared\include\utility\SeparatedStream.h">
      <Filter>shared\utility</Filter>
    </ClInclude>
    <ClInclude Include="..\..\shared\include\utility\SimpleAllocator.h">
      <Filter>shared\utility</Filter>
    </ClInclude>
    <ClInclude Include="..\..\shared\include\utility\Singleton.h">
      <Filter>shared\utility</Filter>
    </ClInclude>
    <ClInclude Include="..\..\shared\include\utility\TPriorityQueue.h">
      <Filter>shared\utility</Filter>
    </ClInclude>
    <ClInclude Include="..\..\shared\include\utility\Utf8.h">
      <Filter>shared\utility</Filter>
    </ClInclude>
    <ClInclude Include="..\..\shared\include\utility\WeakPointer.h">
      <Filter>shared\utility</Filter>
    </ClInclude>
    <ClInclude Include="..\..\shared\include\utility\AutoPointer.h">
      <Filter>shared\utility</Filter>
    </ClInclude>
    <ClInclude Include="..\..\shared\include\utility\CallBack.h">
      <Filter>shared\utility</Filter>
    </ClInclude>
    <ClInclude Include="..\..\shared\include\utility\CrashDump.h">
      <Filter>shared\utility</Filter>
    </ClInclude>
    <ClInclude Include="..\..\shared\include\utility\CsvParser.h">
      <Filter>shared\utility</Filter>
    </ClInclude>
    <ClInclude Include="..\..\shared\include\utility\ExceptionManager.h">
      <Filter>shared\utility</Filter>
    </ClInclude>
    <ClInclude Include="..\..\shared\include\timerevent\SimpleEventArray.h">
      <Filter>shared\timerevent</Filter>
    </ClInclude>
    <ClInclude Include="..\..\shared\include\threading\ILock.h">
      <Filter>shared\threading</Filter>
    </ClInclude>
    <ClInclude Include="..\..\shared\include\threading\IRWLock.h">
      <Filter>shared\threading</Filter>
    </ClInclude>
    <ClInclude Include="..\..\shared\include\threading\Mutex.h">
      <Filter>shared\threading</Filter>
    </ClInclude>
    <ClInclude Include="..\..\shared\include\threading\ScopedLock.h">
      <Filter>shared\threading</Filter>
    </ClInclude>
    <ClInclude Include="..\..\shared\include\threading\ScopedRWLock.h">
      <Filter>shared\threading</Filter>
    </ClInclude>
    <ClInclude Include="..\..\shared\include\threading\SpinLock.h">
      <Filter>shared\threading</Filter>
    </ClInclude>
    <ClInclude Include="..\..\shared\include\threading\SpinRWLock.h">
      <Filter>shared\threading</Filter>
    </ClInclude>
    <ClInclude Include="..\..\shared\include\threading\ThreadBase.h">
      <Filter>shared\threading</Filter>
    </ClInclude>
    <ClInclude Include="..\..\shared\include\threading\Threading.h">
      <Filter>shared\threading</Filter>
    </ClInclude>
    <ClInclude Include="..\..\shared\include\threading\ThreadPool.h">
      <Filter>shared\threading</Filter>
    </ClInclude>
    <ClInclude Include="..\..\shared\include\threading\AtomicLock.h">
      <Filter>shared\threading</Filter>
    </ClInclude>
    <ClInclude Include="..\..\shared\include\threading\CircleQueue.h">
      <Filter>shared\threading</Filter>
    </ClInclude>
    <ClInclude Include="..\..\shared\include\threading\CThreads.h">
      <Filter>shared\threading</Filter>
    </ClInclude>
    <ClInclude Include="..\..\shared\include\threading\FastMutex.h">
      <Filter>shared\threading</Filter>
    </ClInclude>
    <ClInclude Include="..\src\framework\ControlCentreModule.h">
      <Filter>framework</Filter>
    </ClInclude>
    <ClInclude Include="..\src\framework\IncludeModule.h">
      <Filter>framework</Filter>
    </ClInclude>
    <ClInclude Include="..\src\framework\ControlArgument.h">
      <Filter>framework</Filter>
    </ClInclude>
    <ClInclude Include="..\src\framework\data_packet.pb.h">
      <Filter>framework</Filter>
    </ClInclude>
    <ClInclude Include="..\src\framework\interest_packet.pb.h">
      <Filter>framework</Filter>
    </ClInclude>
    <ClInclude Include="..\src\framework\void_packet.pb.h">
      <Filter>framework</Filter>
    </ClInclude>
    <ClInclude Include="..\src\framework\MCResult.h">
      <Filter>framework</Filter>
    </ClInclude>
    <ClInclude Include="..\..\shared\include\ControlCMD.h">
      <Filter>shared</Filter>
    </ClInclude>
    <ClInclude Include="..\src\template\ConfigTemplate.h">
      <Filter>template</Filter>
    </ClInclude>
    <ClInclude Include="..\src\protocol\msg_rank_request.pb.h">
      <Filter>protocol</Filter>
    </ClInclude>
    <ClInclude Include="..\src\protocol\msg_rank_update.pb.h">
      <Filter>protocol</Filter>
    </ClInclude>
    <ClInclude Include="..\src\protocol\msg_rank_item.pb.h">
      <Filter>protocol</Filter>
    </ClInclude>
    <ClInclude Include="..\src\memcache\RankData.h">
      <Filter>memcache</Filter>
    </ClInclude>
    <ClInclude Include="..\src\framework\IServerRegister.h">
      <Filter>framework</Filter>
    </ClInclude>
    <ClInclude Include="..\src\framework\ServerRegisterHelper.h">
      <Filter>framework</Filter>
    </ClInclude>
    <ClInclude Include="..\src\framework\RankServerRegister.h">
      <Filter>framework</Filter>
    </ClInclude>
    <ClInclude Include="..\src\framework\PlayerMutex.h">
      <Filter>framework</Filter>
    </ClInclude>
  </ItemGroup>
  <ItemGroup>
    <None Include="..\..\shared\deps\json\json_internalarray.inl">
      <Filter>shared\json</Filter>
    </None>
    <None Include="..\..\shared\deps\json\json_internalmap.inl">
      <Filter>shared\json</Filter>
    </None>
    <None Include="..\..\shared\deps\json\json_valueiterator.inl">
      <Filter>shared\json</Filter>
    </None>
    <None Include="..\bin\win32\debug\App.config">
      <Filter>资源文件</Filter>
    </None>
    <None Include="..\bin\win32\debug\templatefiles.csv">
      <Filter>资源文件</Filter>
    </None>
  </ItemGroup>
</Project>