
Microsoft Visual Studio Solution File, Format Version 11.00
# Visual Studio 2010
Project("{8BC9CEB8-8B4A-11D0-8D11-00A0C91BC942}") = "LoginServer", "LoginServer.vcxproj", "{FC0F3398-A11D-4F1B-8238-9D88FB50D80A}"
EndProject
Global
	GlobalSection(SolutionConfigurationPlatforms) = preSolution
		Debug|Win32 = Debug|Win32
		Release|Win32 = Release|Win32
	EndGlobalSection
	GlobalSection(ProjectConfigurationPlatforms) = postSolution
		{FC0F3398-A11D-4F1B-8238-9D88FB50D80A}.Debug|Win32.ActiveCfg = Debug|Win32
		{FC0F3398-A11D-4F1B-8238-9D88FB50D80A}.Debug|Win32.Build.0 = Debug|Win32
		{FC0F3398-A11D-4F1B-8238-9D88FB50D80A}.Release|Win32.ActiveCfg = Release|Win32
		{FC0F3398-A11D-4F1B-8238-9D88FB50D80A}.Release|Win32.Build.0 = Release|Win32
	EndGlobalSection
	GlobalSection(SolutionProperties) = preSolution
		HideSolutionNode = FALSE
	EndGlobalSection
EndGlobal
