
Microsoft Visual Studio Solution File, Format Version 11.00
# Visual Studio 2010
Project("{8BC9CEB8-8B4A-11D0-8D11-00A0C91BC942}") = "CacheServer", "CacheServer.vcxproj", "{9926B0B1-FA23-4F18-9C0D-C83861B94881}"
EndProject
Global
	GlobalSection(SolutionConfigurationPlatforms) = preSolution
		Debug|Win32 = Debug|Win32
		Release|Win32 = Release|Win32
	EndGlobalSection
	GlobalSection(ProjectConfigurationPlatforms) = postSolution
		{9926B0B1-FA23-4F18-9C0D-C83861B94881}.Debug|Win32.ActiveCfg = Debug|Win32
		{9926B0B1-FA23-4F18-9C0D-C83861B94881}.Debug|Win32.Build.0 = Debug|Win32
		{9926B0B1-FA23-4F18-9C0D-C83861B94881}.Release|Win32.ActiveCfg = Release|Win32
		{9926B0B1-FA23-4F18-9C0D-C83861B94881}.Release|Win32.Build.0 = Release|Win32
	EndGlobalSection
	GlobalSection(SolutionProperties) = preSolution
		HideSolutionNode = FALSE
	EndGlobalSection
EndGlobal
