<?xml version="1.0" encoding="utf-8"?>
<Project ToolsVersion="4.0" xmlns="http://schemas.microsoft.com/developer/msbuild/2003">
  <ItemGroup>
    <Filter Include="源文件">
      <UniqueIdentifier>{4FC737F1-C7A5-4376-A066-2A32D752A2FF}</UniqueIdentifier>
      <Extensions>cpp;c;cc;cxx;def;odl;idl;hpj;bat;asm;asmx</Extensions>
    </Filter>
    <Filter Include="头文件">
      <UniqueIdentifier>{93995380-89BD-4b04-88EB-625FBE52EBFB}</UniqueIdentifier>
      <Extensions>h;hpp;hxx;hm;inl;inc;xsd</Extensions>
    </Filter>
    <Filter Include="资源文件">
      <UniqueIdentifier>{67DA6AB6-F800-4c08-8B7A-83BB121AAD01}</UniqueIdentifier>
      <Extensions>rc;ico;cur;bmp;dlg;rc2;rct;bin;rgs;gif;jpg;jpeg;jpe;resx;tiff;tif;png;wav;mfcribbon-ms</Extensions>
    </Filter>
    <Filter Include="头文件\database">
      <UniqueIdentifier>{37fc00f3-bcac-49e3-80a4-66a7b1b31c05}</UniqueIdentifier>
    </Filter>
    <Filter Include="头文件\module">
      <UniqueIdentifier>{deadf28b-6cc9-41ed-a3c0-c3fd6e9f95c1}</UniqueIdentifier>
    </Filter>
    <Filter Include="头文件\network">
      <UniqueIdentifier>{d17e3486-c15d-4424-a333-114210e39ae7}</UniqueIdentifier>
    </Filter>
    <Filter Include="头文件\threading">
      <UniqueIdentifier>{52c23734-5286-41f4-bd08-47097fafd0a6}</UniqueIdentifier>
    </Filter>
    <Filter Include="头文件\timerevent">
      <UniqueIdentifier>{a37f483f-502f-4849-aa67-46a12db0febd}</UniqueIdentifier>
    </Filter>
    <Filter Include="头文件\utility">
      <UniqueIdentifier>{67eb35c9-31e9-476f-82b6-eeac3dacfdf1}</UniqueIdentifier>
    </Filter>
    <Filter Include="源文件\database">
      <UniqueIdentifier>{5eb8e89c-3964-4a89-914d-181afebf58b6}</UniqueIdentifier>
    </Filter>
    <Filter Include="源文件\module">
      <UniqueIdentifier>{9abc7544-f5cc-4854-84ba-eb8db4978239}</UniqueIdentifier>
    </Filter>
    <Filter Include="源文件\network">
      <UniqueIdentifier>{c9cee72f-fdab-45f6-aa12-d30cca5246b4}</UniqueIdentifier>
    </Filter>
    <Filter Include="源文件\utility">
      <UniqueIdentifier>{5fcfae75-e516-4703-b127-1f803b7a5652}</UniqueIdentifier>
    </Filter>
    <Filter Include="源文件\timerevent">
      <UniqueIdentifier>{47960dd6-2d3b-4cd1-a5ee-0ae2ace68a44}</UniqueIdentifier>
    </Filter>
    <Filter Include="源文件\threading">
      <UniqueIdentifier>{6a93b73b-fd7a-4135-9335-3dc6bb82df6c}</UniqueIdentifier>
    </Filter>
    <Filter Include="源文件\httpclient">
      <UniqueIdentifier>{462064fe-21e5-4b75-a588-6154ef8fddc2}</UniqueIdentifier>
    </Filter>
    <Filter Include="头文件\httpclient">
      <UniqueIdentifier>{ffac7b19-fbe5-4aed-a8ce-9127a975a718}</UniqueIdentifier>
    </Filter>
  </ItemGroup>
  <ItemGroup>
    <None Include="ReadMe.txt" />
  </ItemGroup>
  <ItemGroup>
    <ClInclude Include="targetver.h">
      <Filter>头文件</Filter>
    </ClInclude>
    <ClInclude Include="..\..\include\database\CallBackDB.h">
      <Filter>头文件\database</Filter>
    </ClInclude>
    <ClInclude Include="..\..\include\database\Database.h">
      <Filter>头文件\database</Filter>
    </ClInclude>
    <ClInclude Include="..\..\include\database\DatabaseEnv.h">
      <Filter>头文件\database</Filter>
    </ClInclude>
    <ClInclude Include="..\..\include\database\Field.h">
      <Filter>头文件\database</Filter>
    </ClInclude>
    <ClInclude Include="..\..\include\database\MySQLDatabase.h">
      <Filter>头文件\database</Filter>
    </ClInclude>
    <ClInclude Include="..\..\include\module\INotificationBody.h">
      <Filter>头文件\module</Filter>
    </ClInclude>
    <ClInclude Include="..\..\include\module\ModuleManager.h">
      <Filter>头文件\module</Filter>
    </ClInclude>
    <ClInclude Include="..\..\include\network\BitStream.h">
      <Filter>头文件\network</Filter>
    </ClInclude>
    <ClInclude Include="..\..\include\network\NetworkSync.h">
      <Filter>头文件\network</Filter>
    </ClInclude>
    <ClInclude Include="..\..\include\network\NetworkTrace.h">
      <Filter>头文件\network</Filter>
    </ClInclude>
    <ClInclude Include="..\..\include\network\NetworkTypes.h">
      <Filter>头文件\network</Filter>
    </ClInclude>
    <ClInclude Include="..\..\include\network\ReceiveBuffer.h">
      <Filter>头文件\network</Filter>
    </ClInclude>
    <ClInclude Include="..\..\include\network\SingleProducerConsumer.h">
      <Filter>头文件\network</Filter>
    </ClInclude>
    <ClInclude Include="..\..\include\network\SmallBuffer.h">
      <Filter>头文件\network</Filter>
    </ClInclude>
    <ClInclude Include="..\..\include\network\TCPLinkInterface.h">
      <Filter>头文件\network</Filter>
    </ClInclude>
    <ClInclude Include="..\..\include\network\TCPPacketInterface.h">
      <Filter>头文件\network</Filter>
    </ClInclude>
    <ClInclude Include="..\..\include\network\TCPSocketBase.h">
      <Filter>头文件\network</Filter>
    </ClInclude>
    <ClInclude Include="..\..\include\network\TCPSocketWin32.h">
      <Filter>头文件\network</Filter>
    </ClInclude>
    <ClInclude Include="..\..\include\utility\AutoPointer.h">
      <Filter>头文件\utility</Filter>
    </ClInclude>
    <ClInclude Include="..\..\include\utility\CallBack.h">
      <Filter>头文件\utility</Filter>
    </ClInclude>
    <ClInclude Include="..\..\include\utility\GuidFactory.h">
      <Filter>头文件\utility</Filter>
    </ClInclude>
    <ClInclude Include="..\..\include\utility\ITComparer.h">
      <Filter>头文件\utility</Filter>
    </ClInclude>
    <ClInclude Include="..\..\include\utility\ITPriorityQueue.h">
      <Filter>头文件\utility</Filter>
    </ClInclude>
    <ClInclude Include="..\..\include\utility\Log.h">
      <Filter>头文件\utility</Filter>
    </ClInclude>
    <ClInclude Include="..\..\include\utility\PoolBase.h">
      <Filter>头文件\utility</Filter>
    </ClInclude>
    <ClInclude Include="..\..\include\utility\ProcessStatus.h">
      <Filter>头文件\utility</Filter>
    </ClInclude>
    <ClInclude Include="..\..\include\utility\SeparatedStream.h">
      <Filter>头文件\utility</Filter>
    </ClInclude>
    <ClInclude Include="..\..\include\utility\Singleton.h">
      <Filter>头文件\utility</Filter>
    </ClInclude>
    <ClInclude Include="..\..\include\utility\TPriorityQueue.h">
      <Filter>头文件\utility</Filter>
    </ClInclude>
    <ClInclude Include="..\..\include\utility\WeakPointer.h">
      <Filter>头文件\utility</Filter>
    </ClInclude>
    <ClInclude Include="..\..\include\timerevent\AgentMethod.h">
      <Filter>头文件\timerevent</Filter>
    </ClInclude>
    <ClInclude Include="..\..\include\timerevent\CommandManager.h">
      <Filter>头文件\timerevent</Filter>
    </ClInclude>
    <ClInclude Include="..\..\include\timerevent\SimpleEvent.h">
      <Filter>头文件\timerevent</Filter>
    </ClInclude>
    <ClInclude Include="..\..\include\timerevent\TimerEvent.h">
      <Filter>头文件\timerevent</Filter>
    </ClInclude>
    <ClInclude Include="..\..\include\timerevent\TimestampManager.h">
      <Filter>头文件\timerevent</Filter>
    </ClInclude>
    <ClInclude Include="..\..\include\threading\CircleQueue.h">
      <Filter>头文件\threading</Filter>
    </ClInclude>
    <ClInclude Include="..\..\include\threading\CThreads.h">
      <Filter>头文件\threading</Filter>
    </ClInclude>
    <ClInclude Include="..\..\include\threading\ThreadBase.h">
      <Filter>头文件\threading</Filter>
    </ClInclude>
    <ClInclude Include="..\..\include\threading\Threading.h">
      <Filter>头文件\threading</Filter>
    </ClInclude>
    <ClInclude Include="..\..\include\threading\ThreadPool.h">
      <Filter>头文件\threading</Filter>
    </ClInclude>
    <ClInclude Include="..\..\include\Common.h">
      <Filter>头文件</Filter>
    </ClInclude>
    <ClInclude Include="..\..\include\ShareConfig.h">
      <Filter>头文件</Filter>
    </ClInclude>
    <ClInclude Include="..\..\include\ShareDefines.h">
      <Filter>头文件</Filter>
    </ClInclude>
    <ClInclude Include="..\..\include\ShareErrors.h">
      <Filter>头文件</Filter>
    </ClInclude>
    <ClInclude Include="..\..\include\module\ModuleEnv.h">
      <Filter>头文件\module</Filter>
    </ClInclude>
    <ClInclude Include="..\..\include\timerevent\SimpleEventArray.h">
      <Filter>头文件\timerevent</Filter>
    </ClInclude>
    <ClInclude Include="..\..\include\utility\ExceptionManager.h">
      <Filter>头文件\utility</Filter>
    </ClInclude>
    <ClInclude Include="..\..\include\utility\CrashDump.h">
      <Filter>头文件\utility</Filter>
    </ClInclude>
    <ClInclude Include="..\..\include\utility\Md5.h">
      <Filter>头文件\utility</Filter>
    </ClInclude>
    <ClInclude Include="..\..\include\utility\Utf8.h">
      <Filter>头文件\utility</Filter>
    </ClInclude>
    <ClInclude Include="..\..\include\utility\PrintStackTrace.h">
      <Filter>头文件\utility</Filter>
    </ClInclude>
    <ClInclude Include="..\..\include\utility\CsvParser.h">
      <Filter>头文件\utility</Filter>
    </ClInclude>
    <ClInclude Include="..\..\include\threading\AtomicLock.h">
      <Filter>头文件\threading</Filter>
    </ClInclude>
    <ClInclude Include="..\..\include\threading\SpinLock.h">
      <Filter>头文件\threading</Filter>
    </ClInclude>
    <ClInclude Include="..\..\include\timerevent\TimerManager.h">
      <Filter>头文件\timerevent</Filter>
    </ClInclude>
    <ClInclude Include="..\..\include\threading\ILock.h">
      <Filter>头文件\threading</Filter>
    </ClInclude>
    <ClInclude Include="..\..\include\threading\FastMutex.h">
      <Filter>头文件\threading</Filter>
    </ClInclude>
    <ClInclude Include="..\..\include\threading\SpinRWLock.h">
      <Filter>头文件\threading</Filter>
    </ClInclude>
    <ClInclude Include="..\..\include\threading\ScopedLock.h">
      <Filter>头文件\threading</Filter>
    </ClInclude>
    <ClInclude Include="..\..\include\threading\ScopedRWLock.h">
      <Filter>头文件\threading</Filter>
    </ClInclude>
    <ClInclude Include="..\..\include\threading\IRWLock.h">
      <Filter>头文件\threading</Filter>
    </ClInclude>
    <ClInclude Include="..\..\include\utility\StreamDataType.h">
      <Filter>头文件\utility</Filter>
    </ClInclude>
    <ClInclude Include="..\..\include\utility\TransferStream.h">
      <Filter>头文件\utility</Filter>
    </ClInclude>
    <ClInclude Include="..\..\include\utility\StoreStream.h">
      <Filter>头文件\utility</Filter>
    </ClInclude>
    <ClInclude Include="..\..\include\utility\BitSignSet.h">
      <Filter>头文件\utility</Filter>
    </ClInclude>
    <ClInclude Include="..\..\include\utility\ValueStream.h">
      <Filter>头文件\utility</Filter>
    </ClInclude>
    <ClInclude Include="..\..\include\utility\SkipList.h">
      <Filter>头文件\utility</Filter>
    </ClInclude>
    <ClInclude Include="..\..\include\utility\TimeSeries.h">
      <Filter>头文件\utility</Filter>
    </ClInclude>
    <ClInclude Include="..\..\include\utility\IRankData.h">
      <Filter>头文件\utility</Filter>
    </ClInclude>
    <ClInclude Include="..\..\include\utility\RankSetMT.h">
      <Filter>头文件\utility</Filter>
    </ClInclude>
    <ClInclude Include="..\..\include\utility\ReferObject.h">
      <Filter>头文件\utility</Filter>
    </ClInclude>
    <ClInclude Include="..\..\include\ShareDll.h">
      <Filter>头文件</Filter>
    </ClInclude>
    <ClInclude Include="..\..\include\httpclient\CurlMultiMT.h">
      <Filter>头文件\httpclient</Filter>
    </ClInclude>
    <ClInclude Include="..\..\include\httpclient\HttpClientManager.h">
      <Filter>头文件\httpclient</Filter>
    </ClInclude>
    <ClInclude Include="..\..\include\httpclient\HttpRequest.h">
      <Filter>头文件\httpclient</Filter>
    </ClInclude>
    <ClInclude Include="..\..\include\timerevent\SysTickCount.h">
      <Filter>头文件\timerevent</Filter>
    </ClInclude>
    <ClInclude Include="..\..\include\threading\SysCurrentThreadId.h">
      <Filter>头文件\threading</Filter>
    </ClInclude>
    <ClInclude Include="..\..\include\threading\ScopedWrapLock.h">
      <Filter>头文件\threading</Filter>
    </ClInclude>
    <ClInclude Include="..\..\include\threading\ScopedWrapRWLock.h">
      <Filter>头文件\threading</Filter>
    </ClInclude>
    <ClInclude Include="..\..\include\threading\WrapLock.h">
      <Filter>头文件\threading</Filter>
    </ClInclude>
    <ClInclude Include="..\..\include\threading\WrapRWLock.h">
      <Filter>头文件\threading</Filter>
    </ClInclude>
    <ClInclude Include="..\..\include\threading\SpinRecursiveLock.h">
      <Filter>头文件\threading</Filter>
    </ClInclude>
    <ClInclude Include="..\..\include\threading\SpinRecursiveRWLock.h">
      <Filter>头文件\threading</Filter>
    </ClInclude>
    <ClInclude Include="..\..\include\threading\SpinEvent.h">
      <Filter>头文件\threading</Filter>
    </ClInclude>
    <ClInclude Include="..\..\include\threading\IWrapBase.h">
      <Filter>头文件\threading</Filter>
    </ClInclude>
    <ClInclude Include="..\..\include\threading\IWrapLock.h">
      <Filter>头文件\threading</Filter>
    </ClInclude>
    <ClInclude Include="..\..\include\threading\IWrapRWLock.h">
      <Filter>头文件\threading</Filter>
    </ClInclude>
    <ClInclude Include="..\..\include\utility\XqxAllocator.h">
      <Filter>头文件\utility</Filter>
    </ClInclude>
    <ClInclude Include="..\..\include\utility\XqxTable0.h">
      <Filter>头文件\utility</Filter>
    </ClInclude>
    <ClInclude Include="..\..\include\utility\XqxTable0S.h">
      <Filter>头文件\utility</Filter>
    </ClInclude>
    <ClInclude Include="..\..\include\utility\XqxTable1.h">
      <Filter>头文件\utility</Filter>
    </ClInclude>
    <ClInclude Include="..\..\include\utility\XqxTable1S.h">
      <Filter>头文件\utility</Filter>
    </ClInclude>
    <ClInclude Include="..\..\include\utility\XqxTable1Store.h">
      <Filter>头文件\utility</Filter>
    </ClInclude>
    <ClInclude Include="..\..\include\utility\XqxTable2.h">
      <Filter>头文件\utility</Filter>
    </ClInclude>
    <ClInclude Include="..\..\include\utility\XqxTable2S.h">
      <Filter>头文件\utility</Filter>
    </ClInclude>
    <ClInclude Include="..\..\include\utility\XqxTableIndex.h">
      <Filter>头文件\utility</Filter>
    </ClInclude>
    <ClInclude Include="..\..\include\utility\XqxTableIndexS.h">
      <Filter>头文件\utility</Filter>
    </ClInclude>
    <ClInclude Include="..\..\include\threading\CondVar.h">
      <Filter>头文件\threading</Filter>
    </ClInclude>
    <ClInclude Include="..\..\include\threading\ReadWriteLock.h">
      <Filter>头文件\threading</Filter>
    </ClInclude>
    <ClInclude Include="..\..\include\threading\CriticalSection.h">
      <Filter>头文件\threading</Filter>
    </ClInclude>
    <ClInclude Include="..\..\include\threading\Mutex.h">
      <Filter>头文件\threading</Filter>
    </ClInclude>
    <ClInclude Include="..\..\include\threading\RecursiveRWLock.h">
      <Filter>头文件\threading</Filter>
    </ClInclude>
    <ClInclude Include="..\..\include\timerevent\TimerManagerHelper.h">
      <Filter>头文件\timerevent</Filter>
    </ClInclude>
    <ClInclude Include="..\..\include\utility\IStream.h">
      <Filter>头文件\utility</Filter>
    </ClInclude>
    <ClInclude Include="..\..\include\utility\ScopedPointer.h">
      <Filter>头文件\utility</Filter>
    </ClInclude>
    <ClInclude Include="..\..\include\utility\StringResolved.h">
      <Filter>头文件\utility</Filter>
    </ClInclude>
    <ClInclude Include="..\..\include\utility\ArrayList.h">
      <Filter>头文件\utility</Filter>
    </ClInclude>
    <ClInclude Include="..\..\include\utility\ArrayMap.h">
      <Filter>头文件\utility</Filter>
    </ClInclude>
  </ItemGroup>
  <ItemGroup>
    <ClCompile Include="Shared.cpp">
      <Filter>源文件</Filter>
    </ClCompile>
    <ClCompile Include="dllmain.cpp">
      <Filter>源文件</Filter>
    </ClCompile>
    <ClCompile Include="..\..\source\database\CreateInterface.cpp">
      <Filter>源文件\database</Filter>
    </ClCompile>
    <ClCompile Include="..\..\source\database\Database.cpp">
      <Filter>源文件\database</Filter>
    </ClCompile>
    <ClCompile Include="..\..\source\database\MySQLDatabase.cpp">
      <Filter>源文件\database</Filter>
    </ClCompile>
    <ClCompile Include="..\..\source\module\ModuleManager.cpp">
      <Filter>源文件\module</Filter>
    </ClCompile>
    <ClCompile Include="..\..\source\network\BitStream.cpp">
      <Filter>源文件\network</Filter>
    </ClCompile>
    <ClCompile Include="..\..\source\network\NetworkTrace.cpp">
      <Filter>源文件\network</Filter>
    </ClCompile>
    <ClCompile Include="..\..\source\network\NetworkTypes.cpp">
      <Filter>源文件\network</Filter>
    </ClCompile>
    <ClCompile Include="..\..\source\network\ReceiveBuffer.cpp">
      <Filter>源文件\network</Filter>
    </ClCompile>
    <ClCompile Include="..\..\source\network\TCPLinkInterface.cpp">
      <Filter>源文件\network</Filter>
    </ClCompile>
    <ClCompile Include="..\..\source\network\TCPPacketInterface.cpp">
      <Filter>源文件\network</Filter>
    </ClCompile>
    <ClCompile Include="..\..\source\network\TCPSocketWin32.cpp">
      <Filter>源文件\network</Filter>
    </ClCompile>
    <ClCompile Include="..\..\source\threading\ThreadPool.cpp">
      <Filter>源文件\threading</Filter>
    </ClCompile>
    <ClCompile Include="..\..\source\timerevent\TimerEvent.cpp">
      <Filter>源文件\timerevent</Filter>
    </ClCompile>
    <ClCompile Include="..\..\source\timerevent\TimestampManager.cpp">
      <Filter>源文件\timerevent</Filter>
    </ClCompile>
    <ClCompile Include="..\..\source\utility\GuidFactory.cpp">
      <Filter>源文件\utility</Filter>
    </ClCompile>
    <ClCompile Include="..\..\source\utility\Log.cpp">
      <Filter>源文件\utility</Filter>
    </ClCompile>
    <ClCompile Include="..\..\source\utility\ProcessStatus.cpp">
      <Filter>源文件\utility</Filter>
    </ClCompile>
    <ClCompile Include="..\..\source\utility\CrashDump.cpp">
      <Filter>源文件\utility</Filter>
    </ClCompile>
    <ClCompile Include="..\..\source\utility\ExceptionManager.cpp">
      <Filter>源文件\utility</Filter>
    </ClCompile>
    <ClCompile Include="..\..\source\utility\PrintStackTrace.cpp">
      <Filter>源文件\utility</Filter>
    </ClCompile>
    <ClCompile Include="..\..\source\utility\Md5.cpp">
      <Filter>源文件\utility</Filter>
    </ClCompile>
    <ClCompile Include="..\..\source\utility\Utf8.cpp">
      <Filter>源文件\utility</Filter>
    </ClCompile>
    <ClCompile Include="..\..\source\utility\CsvParser.cpp">
      <Filter>源文件\utility</Filter>
    </ClCompile>
    <ClCompile Include="..\..\source\timerevent\TimerManager.cpp">
      <Filter>源文件\timerevent</Filter>
    </ClCompile>
    <ClCompile Include="..\..\source\utility\itostr.c">
      <Filter>源文件\utility</Filter>
    </ClCompile>
    <ClCompile Include="..\..\source\utility\SeparatedStream.cpp">
      <Filter>源文件\utility</Filter>
    </ClCompile>
    <ClCompile Include="..\..\source\utility\StoreStream.cpp">
      <Filter>源文件\utility</Filter>
    </ClCompile>
    <ClCompile Include="..\..\source\utility\TransferStream.cpp">
      <Filter>源文件\utility</Filter>
    </ClCompile>
    <ClCompile Include="..\..\source\utility\BitSignSet.cpp">
      <Filter>源文件\utility</Filter>
    </ClCompile>
    <ClCompile Include="..\..\source\utility\TimeSeries.cpp">
      <Filter>源文件\utility</Filter>
    </ClCompile>
    <ClCompile Include="..\..\source\Common.cpp">
      <Filter>源文件</Filter>
    </ClCompile>
    <ClCompile Include="..\..\source\timerevent\CommandManager.cpp">
      <Filter>源文件\timerevent</Filter>
    </ClCompile>
    <ClCompile Include="..\..\source\httpclient\CurlMultiMT.cpp">
      <Filter>源文件\httpclient</Filter>
    </ClCompile>
    <ClCompile Include="..\..\source\httpclient\HttpClientManager.cpp">
      <Filter>源文件\httpclient</Filter>
    </ClCompile>
    <ClCompile Include="..\..\source\httpclient\HttpRequest.cpp">
      <Filter>源文件\httpclient</Filter>
    </ClCompile>
    <ClCompile Include="..\..\source\timerevent\SysTickCount.cpp">
      <Filter>源文件\timerevent</Filter>
    </ClCompile>
    <ClCompile Include="..\..\source\threading\SysCurrentThreadId.cpp">
      <Filter>源文件\threading</Filter>
    </ClCompile>
    <ClCompile Include="..\..\source\threading\SpinRecursiveRWLock.cpp">
      <Filter>源文件\threading</Filter>
    </ClCompile>
    <ClCompile Include="..\..\source\threading\CondVar.cpp">
      <Filter>源文件\threading</Filter>
    </ClCompile>
    <ClCompile Include="..\..\source\threading\ReadWriteLock.cpp">
      <Filter>源文件\threading</Filter>
    </ClCompile>
    <ClCompile Include="..\..\source\threading\RecursiveRWLock.cpp">
      <Filter>源文件\threading</Filter>
    </ClCompile>
  </ItemGroup>
</Project>