<?xml version="1.0" encoding="UTF-8" standalone="yes" ?>
<CodeBlocks_project_file>
	<FileVersion major="1" minor="6" />
	<Project>
		<Option title="Shared" />
		<Option pch_mode="2" />
		<Option compiler="gcc" />
		<Option virtualFolders="Include/;Source/;Include/database/;Include/httpclient/;Include/module/;Include/network/;Include/threading/;Include/timerevent/;Include/utility/;Source/database/;Source/httpclient/;Source/module/;Source/network/;Source/threading/;Source/timerevent/;Source/utiltity/;" />
		<Build>
			<Target title="Debug">
				<Option output="bin/Debug/Shared" prefix_auto="1" extension_auto="1" />
				<Option object_output="obj/Debug/" />
				<Option type="3" />
				<Option compiler="gcc" />
				<Option createDefFile="1" />
				<Option createStaticLib="1" />
				<Compiler>
					<Add option="-std=c++11" />
					<Add option="-g" />
					<Add directory="../../include" />
					<Add directory="../../include/database" />
					<Add directory="../../include/httpclient" />
					<Add directory="../../include/module" />
					<Add directory="../../include/network" />
					<Add directory="../../include/threading" />
					<Add directory="../../include/timerevent" />
					<Add directory="../../include/utility" />
					<Add directory="../../deps/mysql" />
					<Add directory="../../deps/libcurl" />
					<Add directory="../../deps/stacktrace" />
				</Compiler>
				<Linker>
					<Add option="-fPIC" />
					<Add option="-Wl,-soname,libShared.so.1" />
					<Add library="../../libs/linux32/mysql/libmysqlclient.so" />
					<Add library="../../libs/linux32/libcurl/libcurl.so" />
				</Linker>
			</Target>
			<Target title="Release">
				<Option output="bin/Release/Shared" prefix_auto="1" extension_auto="1" />
				<Option object_output="obj/Release/" />
				<Option type="3" />
				<Option compiler="gcc" />
				<Option createDefFile="1" />
				<Option createStaticLib="1" />
				<Compiler>
					<Add option="-O2" />
					<Add option="-std=c++11" />
					<Add directory="../../include" />
					<Add directory="../../include/utility" />
					<Add directory="../../include/timerevent" />
					<Add directory="../../include/threading" />
					<Add directory="../../include/network" />
					<Add directory="../../include/module" />
					<Add directory="../../include/httpclient" />
					<Add directory="../../include/database" />
					<Add directory="../../deps/mysql" />
					<Add directory="../../deps/stacktrace" />
					<Add directory="../../deps/libcurl" />
				</Compiler>
				<Linker>
					<Add option="-s" />
					<Add option="-fPIC" />
					<Add option="-Wl,-soname,libShared.so.1" />
					<Add library="../../libs/linux32/mysql/libmysqlclient.so" />
					<Add library="../../libs/linux32/libcurl/libcurl.so" />
					<Add directory="../../deps/stacktrace" />
				</Linker>
			</Target>
		</Build>
		<Compiler>
			<Add option="-Wall" />
			<Add option="-fexceptions" />
		</Compiler>
		<Unit filename="../../include/Common.h">
			<Option virtualFolder="Include/" />
		</Unit>
		<Unit filename="../../include/ControlCMD.h">
			<Option virtualFolder="Include/" />
		</Unit>
		<Unit filename="../../include/ShareConfig.h">
			<Option virtualFolder="Include/" />
		</Unit>
		<Unit filename="../../include/ShareDefines.h">
			<Option virtualFolder="Include/" />
		</Unit>
		<Unit filename="../../include/ShareDll.h">
			<Option virtualFolder="Include/" />
		</Unit>
		<Unit filename="../../include/ShareErrors.h">
			<Option virtualFolder="Include/" />
		</Unit>
		<Unit filename="../../include/database/CallBackDB.h">
			<Option virtualFolder="Include/database/" />
		</Unit>
		<Unit filename="../../include/database/Database.h">
			<Option virtualFolder="Include/database/" />
		</Unit>
		<Unit filename="../../include/database/DatabaseEnv.h">
			<Option virtualFolder="Include/database/" />
		</Unit>
		<Unit filename="../../include/database/Field.h">
			<Option virtualFolder="Include/database/" />
		</Unit>
		<Unit filename="../../include/database/MySQLDatabase.h">
			<Option virtualFolder="Include/database/" />
		</Unit>
		<Unit filename="../../include/database/Queue.h">
			<Option virtualFolder="Include/database/" />
		</Unit>
		<Unit filename="../../include/database/TypeDefine.h">
			<Option virtualFolder="Include/database/" />
		</Unit>
		<Unit filename="../../include/httpclient/CurlMultiMT.h">
			<Option virtualFolder="Include/httpclient/" />
		</Unit>
		<Unit filename="../../include/httpclient/HttpClientManager.h">
			<Option virtualFolder="Include/httpclient/" />
		</Unit>
		<Unit filename="../../include/httpclient/HttpRequest.h">
			<Option virtualFolder="Include/httpclient/" />
		</Unit>
		<Unit filename="../../include/module/INotificationBody.h">
			<Option virtualFolder="Include/module/" />
		</Unit>
		<Unit filename="../../include/module/ModuleEnv.h">
			<Option virtualFolder="Include/module/" />
		</Unit>
		<Unit filename="../../include/module/ModuleManager.h">
			<Option virtualFolder="Include/module/" />
		</Unit>
		<Unit filename="../../include/network/BitStream.h">
			<Option virtualFolder="Include/network/" />
		</Unit>
		<Unit filename="../../include/network/NetworkSync.h">
			<Option virtualFolder="Include/network/" />
		</Unit>
		<Unit filename="../../include/network/NetworkTrace.h">
			<Option virtualFolder="Include/network/" />
		</Unit>
		<Unit filename="../../include/network/NetworkTypes.h">
			<Option virtualFolder="Include/network/" />
		</Unit>
		<Unit filename="../../include/network/ReceiveBuffer.h">
			<Option virtualFolder="Include/network/" />
		</Unit>
		<Unit filename="../../include/network/SingleProducerConsumer.h">
			<Option virtualFolder="Include/network/" />
		</Unit>
		<Unit filename="../../include/network/SmallBuffer.h">
			<Option virtualFolder="Include/network/" />
		</Unit>
		<Unit filename="../../include/network/TCPLinkInterface.h">
			<Option virtualFolder="Include/network/" />
		</Unit>
		<Unit filename="../../include/network/TCPPacketInterface.h">
			<Option virtualFolder="Include/network/" />
		</Unit>
		<Unit filename="../../include/network/TCPSocketBSD.h">
			<Option virtualFolder="Include/network/" />
		</Unit>
		<Unit filename="../../include/network/TCPSocketBase.h">
			<Option virtualFolder="Include/network/" />
		</Unit>
		<Unit filename="../../include/network/TCPSocketLinux.h">
			<Option virtualFolder="Include/network/" />
		</Unit>
		<Unit filename="../../include/network/TCPSocketWin32.h">
			<Option virtualFolder="Include/network/" />
		</Unit>
		<Unit filename="../../include/network/TCPThreadInfo.h">
			<Option virtualFolder="Include/network/" />
		</Unit>
		<Unit filename="../../include/network/TCPThreadList.h">
			<Option virtualFolder="Include/network/" />
		</Unit>
		<Unit filename="../../include/network/TCPThreadPool.h">
			<Option virtualFolder="Include/network/" />
		</Unit>
		<Unit filename="../../include/threading/AtomicLock.h">
			<Option virtualFolder="Include/threading/" />
		</Unit>
		<Unit filename="../../include/threading/CThreads.h">
			<Option virtualFolder="Include/threading/" />
		</Unit>
		<Unit filename="../../include/threading/CircleQueue.h">
			<Option virtualFolder="Include/threading/" />
		</Unit>
		<Unit filename="../../include/threading/CondVar.h">
			<Option virtualFolder="Include/threading/" />
		</Unit>
		<Unit filename="../../include/threading/CriticalSection.h">
			<Option virtualFolder="Include/threading/" />
		</Unit>
		<Unit filename="../../include/threading/FastMutex.h">
			<Option virtualFolder="Include/threading/" />
		</Unit>
		<Unit filename="../../include/threading/ILock.h">
			<Option virtualFolder="Include/threading/" />
		</Unit>
		<Unit filename="../../include/threading/IRWLock.h">
			<Option virtualFolder="Include/threading/" />
		</Unit>
		<Unit filename="../../include/threading/IWrapBase.h">
			<Option virtualFolder="Include/threading/" />
		</Unit>
		<Unit filename="../../include/threading/IWrapLock.h">
			<Option virtualFolder="Include/threading/" />
		</Unit>
		<Unit filename="../../include/threading/IWrapRWLock.h">
			<Option virtualFolder="Include/threading/" />
		</Unit>
		<Unit filename="../../include/threading/Mutex.h">
			<Option virtualFolder="Include/threading/" />
		</Unit>
		<Unit filename="../../include/threading/ReadWriteLock.h">
			<Option virtualFolder="Include/threading/" />
		</Unit>
		<Unit filename="../../include/threading/RecursiveRWLock.h">
			<Option virtualFolder="Include/threading/" />
		</Unit>
		<Unit filename="../../include/threading/ScopedLock.h">
			<Option virtualFolder="Include/threading/" />
		</Unit>
		<Unit filename="../../include/threading/ScopedRWLock.h">
			<Option virtualFolder="Include/threading/" />
		</Unit>
		<Unit filename="../../include/threading/ScopedWrapLock.h">
			<Option virtualFolder="Include/threading/" />
		</Unit>
		<Unit filename="../../include/threading/ScopedWrapRWLock.h">
			<Option virtualFolder="Include/threading/" />
		</Unit>
		<Unit filename="../../include/threading/SpinEvent.h">
			<Option virtualFolder="Include/threading/" />
		</Unit>
		<Unit filename="../../include/threading/SpinLock.h">
			<Option virtualFolder="Include/threading/" />
		</Unit>
		<Unit filename="../../include/threading/SpinRWLock.h">
			<Option virtualFolder="Include/threading/" />
		</Unit>
		<Unit filename="../../include/threading/SpinRecursiveLock.h">
			<Option virtualFolder="Include/threading/" />
		</Unit>
		<Unit filename="../../include/threading/SpinRecursiveRWLock.h">
			<Option virtualFolder="Include/threading/" />
		</Unit>
		<Unit filename="../../include/threading/SysCurrentThreadId.h">
			<Option virtualFolder="Include/threading/" />
		</Unit>
		<Unit filename="../../include/threading/ThreadBase.h">
			<Option virtualFolder="Include/threading/" />
		</Unit>
		<Unit filename="../../include/threading/ThreadPool.h">
			<Option virtualFolder="Include/threading/" />
		</Unit>
		<Unit filename="../../include/threading/Threading.h">
			<Option virtualFolder="Include/threading/" />
		</Unit>
		<Unit filename="../../include/threading/WrapLock.h">
			<Option virtualFolder="Include/threading/" />
		</Unit>
		<Unit filename="../../include/threading/WrapRWLock.h">
			<Option virtualFolder="Include/threading/" />
		</Unit>
		<Unit filename="../../include/timerevent/AgentMethod.h">
			<Option virtualFolder="Include/timerevent/" />
		</Unit>
		<Unit filename="../../include/timerevent/CommandManager.h">
			<Option virtualFolder="Include/timerevent/" />
		</Unit>
		<Unit filename="../../include/timerevent/SimpleEvent.h">
			<Option virtualFolder="Include/timerevent/" />
		</Unit>
		<Unit filename="../../include/timerevent/SimpleEventArray.h">
			<Option virtualFolder="Include/timerevent/" />
		</Unit>
		<Unit filename="../../include/timerevent/SysTickCount.h">
			<Option virtualFolder="Include/timerevent/" />
		</Unit>
		<Unit filename="../../include/timerevent/TimerEvent.h">
			<Option virtualFolder="Include/timerevent/" />
		</Unit>
		<Unit filename="../../include/timerevent/TimerManager.h">
			<Option virtualFolder="Include/timerevent/" />
		</Unit>
		<Unit filename="../../include/timerevent/TimerManagerHelper.h">
			<Option virtualFolder="Include/timerevent/" />
		</Unit>
		<Unit filename="../../include/timerevent/TimestampManager.h">
			<Option virtualFolder="Include/timerevent/" />
		</Unit>
		<Unit filename="../../include/utility/AutoPointer.h">
			<Option virtualFolder="Include/utility/" />
		</Unit>
		<Unit filename="../../include/utility/BitSignSet.h">
			<Option virtualFolder="Include/utility/" />
		</Unit>
		<Unit filename="../../include/utility/CallBack.h">
			<Option virtualFolder="Include/utility/" />
		</Unit>
		<Unit filename="../../include/utility/CrashDump.h">
			<Option virtualFolder="Include/utility/" />
		</Unit>
		<Unit filename="../../include/utility/CsvParser.h">
			<Option virtualFolder="Include/utility/" />
		</Unit>
		<Unit filename="../../include/utility/DynamicBitset.h">
			<Option virtualFolder="Include/utility/" />
		</Unit>
		<Unit filename="../../include/utility/ExceptionManager.h">
			<Option virtualFolder="Include/utility/" />
		</Unit>
		<Unit filename="../../include/utility/GuidFactory.h">
			<Option virtualFolder="Include/utility/" />
		</Unit>
		<Unit filename="../../include/utility/IRankData.h">
			<Option virtualFolder="Include/utility/" />
		</Unit>
		<Unit filename="../../include/utility/IStream.h">
			<Option virtualFolder="Include/utility/" />
		</Unit>
		<Unit filename="../../include/utility/ITComparer.h">
			<Option virtualFolder="Include/utility/" />
		</Unit>
		<Unit filename="../../include/utility/ITPriorityQueue.h">
			<Option virtualFolder="Include/utility/" />
		</Unit>
		<Unit filename="../../include/utility/Log.h">
			<Option virtualFolder="Include/utility/" />
		</Unit>
		<Unit filename="../../include/utility/Md5.h">
			<Option virtualFolder="Include/utility/" />
		</Unit>
		<Unit filename="../../include/utility/PoolBase.h">
			<Option virtualFolder="Include/utility/" />
		</Unit>
		<Unit filename="../../include/utility/PrintStackTrace.h">
			<Option virtualFolder="Include/utility/" />
		</Unit>
		<Unit filename="../../include/utility/ProcessStatus.h">
			<Option virtualFolder="Include/utility/" />
		</Unit>
		<Unit filename="../../include/utility/RankSetMT.h">
			<Option virtualFolder="Include/utility/" />
		</Unit>
		<Unit filename="../../include/utility/ReferObject.h">
			<Option virtualFolder="Include/utility/" />
		</Unit>
		<Unit filename="../../include/utility/ScopedPointer.h">
			<Option virtualFolder="Include/utility/" />
		</Unit>
		<Unit filename="../../include/utility/SeparatedStream.h">
			<Option virtualFolder="Include/utility/" />
		</Unit>
		<Unit filename="../../include/utility/Singleton.h">
			<Option virtualFolder="Include/utility/" />
		</Unit>
		<Unit filename="../../include/utility/SkipList.h">
			<Option virtualFolder="Include/utility/" />
		</Unit>
		<Unit filename="../../include/utility/StoreStream.h">
			<Option virtualFolder="Include/utility/" />
		</Unit>
		<Unit filename="../../include/utility/StreamDataType.h">
			<Option virtualFolder="Include/utility/" />
		</Unit>
		<Unit filename="../../include/utility/StringResolved.h">
			<Option virtualFolder="Include/utility/" />
		</Unit>
		<Unit filename="../../include/utility/TPriorityQueue.h">
			<Option virtualFolder="Include/utility/" />
		</Unit>
		<Unit filename="../../include/utility/TimeSeries.h">
			<Option virtualFolder="Include/utility/" />
		</Unit>
		<Unit filename="../../include/utility/TransferStream.h">
			<Option virtualFolder="Include/utility/" />
		</Unit>
		<Unit filename="../../include/utility/Utf8.h">
			<Option virtualFolder="Include/utility/" />
		</Unit>
		<Unit filename="../../include/utility/ValueStream.h">
			<Option virtualFolder="Include/utility/" />
		</Unit>
		<Unit filename="../../include/utility/WeakPointer.h">
			<Option virtualFolder="Include/utility/" />
		</Unit>
		<Unit filename="../../include/utility/XqxAllocator.h">
			<Option virtualFolder="Include/utility/" />
		</Unit>
		<Unit filename="../../include/utility/XqxTable0.h">
			<Option virtualFolder="Include/utility/" />
		</Unit>
		<Unit filename="../../include/utility/XqxTable0S.h">
			<Option virtualFolder="Include/utility/" />
		</Unit>
		<Unit filename="../../include/utility/XqxTable1.h">
			<Option virtualFolder="Include/utility/" />
		</Unit>
		<Unit filename="../../include/utility/XqxTable1S.h">
			<Option virtualFolder="Include/utility/" />
		</Unit>
		<Unit filename="../../include/utility/XqxTable1Store.h">
			<Option virtualFolder="Include/utility/" />
		</Unit>
		<Unit filename="../../include/utility/XqxTable2.h">
			<Option virtualFolder="Include/utility/" />
		</Unit>
		<Unit filename="../../include/utility/XqxTable2S.h">
			<Option virtualFolder="Include/utility/" />
		</Unit>
		<Unit filename="../../include/utility/XqxTableIndex.h">
			<Option virtualFolder="Include/utility/" />
		</Unit>
		<Unit filename="../../include/utility/XqxTableIndexS.h">
			<Option virtualFolder="Include/utility/" />
		</Unit>
		<Unit filename="../../source/Common.cpp">
			<Option virtualFolder="Source/" />
		</Unit>
		<Unit filename="../../source/database/CreateInterface.cpp">
			<Option virtualFolder="Source/database/" />
		</Unit>
		<Unit filename="../../source/database/Database.cpp">
			<Option virtualFolder="Source/database/" />
		</Unit>
		<Unit filename="../../source/database/MySQLDatabase.cpp">
			<Option virtualFolder="Source/database/" />
		</Unit>
		<Unit filename="../../source/httpclient/CurlMultiMT.cpp">
			<Option virtualFolder="Source/httpclient/" />
		</Unit>
		<Unit filename="../../source/httpclient/HttpClientManager.cpp">
			<Option virtualFolder="Source/httpclient/" />
		</Unit>
		<Unit filename="../../source/httpclient/HttpRequest.cpp">
			<Option virtualFolder="Source/httpclient/" />
		</Unit>
		<Unit filename="../../source/module/ModuleManager.cpp">
			<Option virtualFolder="Source/module/" />
		</Unit>
		<Unit filename="../../source/network/BitStream.cpp">
			<Option virtualFolder="Source/network/" />
		</Unit>
		<Unit filename="../../source/network/NetworkTrace.cpp">
			<Option virtualFolder="Source/network/" />
		</Unit>
		<Unit filename="../../source/network/NetworkTypes.cpp">
			<Option virtualFolder="Source/network/" />
		</Unit>
		<Unit filename="../../source/network/ReceiveBuffer.cpp">
			<Option virtualFolder="Source/network/" />
		</Unit>
		<Unit filename="../../source/network/TCPLinkInterface.cpp">
			<Option virtualFolder="Source/network/" />
		</Unit>
		<Unit filename="../../source/network/TCPPacketInterface.cpp">
			<Option virtualFolder="Source/network/" />
		</Unit>
		<Unit filename="../../source/network/TCPSocketBSD.cpp">
			<Option virtualFolder="Source/network/" />
		</Unit>
		<Unit filename="../../source/network/TCPSocketLinux.cpp">
			<Option virtualFolder="Source/network/" />
		</Unit>
		<Unit filename="../../source/network/TCPSocketWin32.cpp">
			<Option virtualFolder="Source/network/" />
		</Unit>
		<Unit filename="../../source/network/TCPThreadPool.cpp">
			<Option virtualFolder="Source/network/" />
		</Unit>
		<Unit filename="../../source/threading/CondVar.cpp">
			<Option virtualFolder="Source/threading/" />
		</Unit>
		<Unit filename="../../source/threading/ReadWriteLock.cpp">
			<Option virtualFolder="Source/threading/" />
		</Unit>
		<Unit filename="../../source/threading/RecursiveRWLock.cpp">
			<Option virtualFolder="Source/threading/" />
		</Unit>
		<Unit filename="../../source/threading/SpinRecursiveRWLock.cpp">
			<Option virtualFolder="Source/threading/" />
		</Unit>
		<Unit filename="../../source/threading/SysCurrentThreadId.cpp">
			<Option virtualFolder="Source/threading/" />
		</Unit>
		<Unit filename="../../source/threading/ThreadPool.cpp">
			<Option virtualFolder="Source/threading/" />
		</Unit>
		<Unit filename="../../source/timerevent/CommandManager.cpp">
			<Option virtualFolder="Source/timerevent/" />
		</Unit>
		<Unit filename="../../source/timerevent/SysTickCount.cpp">
			<Option virtualFolder="Source/timerevent/" />
		</Unit>
		<Unit filename="../../source/timerevent/TimerEvent.cpp">
			<Option virtualFolder="Source/timerevent/" />
		</Unit>
		<Unit filename="../../source/timerevent/TimerManager.cpp">
			<Option virtualFolder="Source/timerevent/" />
		</Unit>
		<Unit filename="../../source/timerevent/TimestampManager.cpp">
			<Option virtualFolder="Source/timerevent/" />
		</Unit>
		<Unit filename="../../source/utility/BitSignSet.cpp">
			<Option virtualFolder="Source/utiltity/" />
		</Unit>
		<Unit filename="../../source/utility/CrashDump.cpp">
			<Option virtualFolder="Source/utiltity/" />
		</Unit>
		<Unit filename="../../source/utility/CsvParser.cpp">
			<Option virtualFolder="Source/utiltity/" />
		</Unit>
		<Unit filename="../../source/utility/ExceptionManager.cpp">
			<Option virtualFolder="Source/utiltity/" />
		</Unit>
		<Unit filename="../../source/utility/GuidFactory.cpp">
			<Option virtualFolder="Source/utiltity/" />
		</Unit>
		<Unit filename="../../source/utility/Log.cpp">
			<Option virtualFolder="Source/utiltity/" />
		</Unit>
		<Unit filename="../../source/utility/Md5.cpp">
			<Option virtualFolder="Source/utiltity/" />
		</Unit>
		<Unit filename="../../source/utility/PrintStackTrace.cpp">
			<Option virtualFolder="Source/utiltity/" />
		</Unit>
		<Unit filename="../../source/utility/ProcessStatus.cpp">
			<Option virtualFolder="Source/utiltity/" />
		</Unit>
		<Unit filename="../../source/utility/SeparatedStream.cpp">
			<Option virtualFolder="Source/utiltity/" />
		</Unit>
		<Unit filename="../../source/utility/StoreStream.cpp">
			<Option virtualFolder="Source/utiltity/" />
		</Unit>
		<Unit filename="../../source/utility/TimeSeries.cpp">
			<Option virtualFolder="Source/utiltity/" />
		</Unit>
		<Unit filename="../../source/utility/TransferStream.cpp">
			<Option virtualFolder="Source/utiltity/" />
		</Unit>
		<Unit filename="../../source/utility/Utf8.cpp">
			<Option virtualFolder="Source/utiltity/" />
		</Unit>
		<Unit filename="../../source/utility/itostr.c">
			<Option compilerVar="CC" />
			<Option virtualFolder="Source/utiltity/" />
		</Unit>
		<Unit filename="main.cpp">
			<Option virtualFolder="Source/" />
		</Unit>
		<Extensions>
			<code_completion />
			<debugger />
			<envvars />
		</Extensions>
	</Project>
</CodeBlocks_project_file>
